
Microsoft Visual Studio Solution File, Format Version 12.00
# Visual Studio Version 17
VisualStudioVersion = 17.4.33110.190
MinimumVisualStudioVersion = 10.0.40219.1
Project("{FAE04EC0-301F-11D3-BF4B-00C04F79EFBC}") = "Astmir02", "Astmir02\Astmir02.csproj", "{8BF1A987-E4C9-4D2C-B1DF-06547777021B}"
EndProject
Global
	GlobalSection(SolutionConfigurationPlatforms) = preSolution
		Debug|Any CPU = Debug|Any CPU
		Release|Any CPU = Release|Any CPU
	EndGlobalSection
	GlobalSection(ProjectConfigurationPlatforms) = postSolution
		{8BF1A987-E4C9-4D2C-B1DF-06547777021B}.Debug|Any CPU.ActiveCfg = Debug|Any CPU
		{8BF1A987-E4C9-4D2C-B1DF-06547777021B}.Debug|Any CPU.Build.0 = Debug|Any CPU
		{8BF1A987-E4C9-4D2C-B1DF-06547777021B}.Release|Any CPU.ActiveCfg = Release|Any CPU
		{8BF1A987-E4C9-4D2C-B1DF-06547777021B}.Release|Any CPU.Build.0 = Release|Any CPU
	EndGlobalSection
	GlobalSection(SolutionProperties) = preSolution
		HideSolutionNode = FALSE
	EndGlobalSection
	GlobalSection(ExtensibilityGlobals) = postSolution
		SolutionGuid = {035C7B7C-5FCB-452F-8BD8-47F694A4629E}
	EndGlobalSection
EndGlobal
